// !$*UTF8*$!
{
	archiveVersion = 1;
	classes = {
	};
	objectVersion = 46;
	objects = {

/* Begin PBXBuildFile section */
		4110CD7E1A9CF82000456D43 /* main.m in Sources */ = {isa = PBXBuildFile; fileRef = 4110CD7D1A9CF82000456D43 /* main.m */; };
		4110CD811A9CF82000456D43 /* AppDelegate.m in Sources */ = {isa = PBXBuildFile; fileRef = 4110CD801A9CF82000456D43 /* AppDelegate.m */; };
		4110CD891A9CF82000456D43 /* Images.xcassets in Resources */ = {isa = PBXBuildFile; fileRef = 4110CD881A9CF82000456D43 /* Images.xcassets */; };
		4110CD8C1A9CF82000456D43 /* LaunchScreen.xib in Resources */ = {isa = PBXBuildFile; fileRef = 4110CD8A1A9CF82000456D43 /* LaunchScreen.xib */; };
		4110CDA31A9CFBDA00456D43 /* MessageViewController.m in Sources */ = {isa = PBXBuildFile; fileRef = 4110CDA21A9CFBDA00456D43 /* MessageViewController.m */; };
		41FCD7601AA104F90075222E /* CFNetwork.framework in Frameworks */ = {isa = PBXBuildFile; fileRef = 41FCD7501AA104F90075222E /* CFNetwork.framework */; };
		41FCD7621AA104F90075222E /* CoreFoundation.framework in Frameworks */ = {isa = PBXBuildFile; fileRef = 41FCD7521AA104F90075222E /* CoreFoundation.framework */; };
		41FCD7631AA104F90075222E /* CoreGraphics.framework in Frameworks */ = {isa = PBXBuildFile; fileRef = 41FCD7531AA104F90075222E /* CoreGraphics.framework */; };
		41FCD7641AA104F90075222E /* CoreMedia.framework in Frameworks */ = {isa = PBXBuildFile; fileRef = 41FCD7541AA104F90075222E /* CoreMedia.framework */; };
		41FCD7651AA104F90075222E /* CoreText.framework in Frameworks */ = {isa = PBXBuildFile; fileRef = 41FCD7551AA104F90075222E /* CoreText.framework */; };
		41FCD7661AA104F90075222E /* Foundation.framework in Frameworks */ = {isa = PBXBuildFile; fileRef = 41FCD7561AA104F90075222E /* Foundation.framework */; };
		41FCD7681AA104F90075222E /* MobileCoreServices.framework in Frameworks */ = {isa = PBXBuildFile; fileRef = 41FCD7581AA104F90075222E /* MobileCoreServices.framework */; };
		41FCD7691AA104F90075222E /* Security.framework in Frameworks */ = {isa = PBXBuildFile; fileRef = 41FCD7591AA104F90075222E /* Security.framework */; };
		41FCD76A1AA104F90075222E /* UIKit.framework in Frameworks */ = {isa = PBXBuildFile; fileRef = 41FCD75A1AA104F90075222E /* UIKit.framework */; };
		41FCD76C1AA104F90075222E /* libobjc.dylib in Frameworks */ = {isa = PBXBuildFile; fileRef = 41FCD75C1AA104F90075222E /* libobjc.dylib */; };
/* End PBXBuildFile section */

/* Begin PBXFileReference section */
		4110CD781A9CF82000456D43 /* NearbyBeacons.app */ = {isa = PBXFileReference; explicitFileType = wrapper.application; includeInIndex = 0; path = NearbyBeacons.app; sourceTree = BUILT_PRODUCTS_DIR; };
		4110CD7C1A9CF82000456D43 /* Info.plist */ = {isa = PBXFileReference; lastKnownFileType = text.plist.xml; path = Info.plist; sourceTree = "<group>"; };
		4110CD7D1A9CF82000456D43 /* main.m */ = {isa = PBXFileReference; lastKnownFileType = sourcecode.c.objc; path = main.m; sourceTree = "<group>"; };
		4110CD7F1A9CF82000456D43 /* AppDelegate.h */ = {isa = PBXFileReference; lastKnownFileType = sourcecode.c.h; path = AppDelegate.h; sourceTree = "<group>"; };
		4110CD801A9CF82000456D43 /* AppDelegate.m */ = {isa = PBXFileReference; lastKnownFileType = sourcecode.c.objc; path = AppDelegate.m; sourceTree = "<group>"; };
		4110CD881A9CF82000456D43 /* Images.xcassets */ = {isa = PBXFileReference; lastKnownFileType = folder.assetcatalog; path = Images.xcassets; sourceTree = "<group>"; };
		4110CD8B1A9CF82000456D43 /* Base */ = {isa = PBXFileReference; lastKnownFileType = file.xib; name = Base; path = Base.lproj/LaunchScreen.xib; sourceTree = "<group>"; };
		4110CDA11A9CFBDA00456D43 /* MessageViewController.h */ = {isa = PBXFileReference; fileEncoding = 4; lastKnownFileType = sourcecode.c.h; path = MessageViewController.h; sourceTree = "<group>"; };
		4110CDA21A9CFBDA00456D43 /* MessageViewController.m */ = {isa = PBXFileReference; fileEncoding = 4; lastKnownFileType = sourcecode.c.objc; path = MessageViewController.m; sourceTree = "<group>"; };
		41FCD7501AA104F90075222E /* CFNetwork.framework */ = {isa = PBXFileReference; lastKnownFileType = wrapper.framework; name = CFNetwork.framework; path = System/Library/Frameworks/CFNetwork.framework; sourceTree = SDKROOT; };
		41FCD7521AA104F90075222E /* CoreFoundation.framework */ = {isa = PBXFileReference; lastKnownFileType = wrapper.framework; name = CoreFoundation.framework; path = System/Library/Frameworks/CoreFoundation.framework; sourceTree = SDKROOT; };
		41FCD7531AA104F90075222E /* CoreGraphics.framework */ = {isa = PBXFileReference; lastKnownFileType = wrapper.framework; name = CoreGraphics.framework; path = System/Library/Frameworks/CoreGraphics.framework; sourceTree = SDKROOT; };
		41FCD7541AA104F90075222E /* CoreMedia.framework */ = {isa = PBXFileReference; lastKnownFileType = wrapper.framework; name = CoreMedia.framework; path = System/Library/Frameworks/CoreMedia.framework; sourceTree = SDKROOT; };
		41FCD7551AA104F90075222E /* CoreText.framework */ = {isa = PBXFileReference; lastKnownFileType = wrapper.framework; name = CoreText.framework; path = System/Library/Frameworks/CoreText.framework; sourceTree = SDKROOT; };
		41FCD7561AA104F90075222E /* Foundation.framework */ = {isa = PBXFileReference; lastKnownFileType = wrapper.framework; name = Foundation.framework; path = System/Library/Frameworks/Foundation.framework; sourceTree = SDKROOT; };
		41FCD7581AA104F90075222E /* MobileCoreServices.framework */ = {isa = PBXFileReference; lastKnownFileType = wrapper.framework; name = MobileCoreServices.framework; path = System/Library/Frameworks/MobileCoreServices.framework; sourceTree = SDKROOT; };
		41FCD7591AA104F90075222E /* Security.framework */ = {isa = PBXFileReference; lastKnownFileType = wrapper.framework; name = Security.framework; path = System/Library/Frameworks/Security.framework; sourceTree = SDKROOT; };
		41FCD75A1AA104F90075222E /* UIKit.framework */ = {isa = PBXFileReference; lastKnownFileType = wrapper.framework; name = UIKit.framework; path = System/Library/Frameworks/UIKit.framework; sourceTree = SDKROOT; };
		41FCD75C1AA104F90075222E /* libobjc.dylib */ = {isa = PBXFileReference; lastKnownFileType = "compiled.mach-o.dylib"; name = libobjc.dylib; path = usr/lib/libobjc.dylib; sourceTree = SDKROOT; };
/* End PBXFileReference section */

/* Begin PBXFrameworksBuildPhase section */
		4110CD751A9CF82000456D43 /* Frameworks */ = {
			isa = PBXFrameworksBuildPhase;
			buildActionMask = 2147483647;
			files = (
				41FCD7651AA104F90075222E /* CoreText.framework in Frameworks */,
				41FCD76A1AA104F90075222E /* UIKit.framework in Frameworks */,
				41FCD7691AA104F90075222E /* Security.framework in Frameworks */,
				41FCD7641AA104F90075222E /* CoreMedia.framework in Frameworks */,
				41FCD7621AA104F90075222E /* CoreFoundation.framework in Frameworks */,
				41FCD7631AA104F90075222E /* CoreGraphics.framework in Frameworks */,
				41FCD76C1AA104F90075222E /* libobjc.dylib in Frameworks */,
				41FCD7681AA104F90075222E /* MobileCoreServices.framework in Frameworks */,
				41FCD7601AA104F90075222E /* CFNetwork.framework in Frameworks */,
				41FCD7661AA104F90075222E /* Foundation.framework in Frameworks */,
			);
			runOnlyForDeploymentPostprocessing = 0;
		};
/* End PBXFrameworksBuildPhase section */

/* Begin PBXGroup section */
		4110CD6F1A9CF82000456D43 = {
			isa = PBXGroup;
			children = (
				4110CD7A1A9CF82000456D43 /* Source */,
				4110CDA41A9CFBF700456D43 /* Frameworks */,
				4110CD791A9CF82000456D43 /* Products */,
			);
			sourceTree = "<group>";
		};
		4110CD791A9CF82000456D43 /* Products */ = {
			isa = PBXGroup;
			children = (
				4110CD781A9CF82000456D43 /* NearbyBeacons.app */,
			);
			name = Products;
			sourceTree = "<group>";
		};
		4110CD7A1A9CF82000456D43 /* Source */ = {
			isa = PBXGroup;
			children = (
				4110CD7F1A9CF82000456D43 /* AppDelegate.h */,
				4110CD801A9CF82000456D43 /* AppDelegate.m */,
				4110CDA11A9CFBDA00456D43 /* MessageViewController.h */,
				4110CDA21A9CFBDA00456D43 /* MessageViewController.m */,
				4110CD881A9CF82000456D43 /* Images.xcassets */,
				4110CD8A1A9CF82000456D43 /* LaunchScreen.xib */,
				4110CD7B1A9CF82000456D43 /* Supporting Files */,
			);
			path = Source;
			sourceTree = "<group>";
		};
		4110CD7B1A9CF82000456D43 /* Supporting Files */ = {
			isa = PBXGroup;
			children = (
				4110CD7C1A9CF82000456D43 /* Info.plist */,
				4110CD7D1A9CF82000456D43 /* main.m */,
			);
			name = "Supporting Files";
			sourceTree = "<group>";
		};
		4110CDA41A9CFBF700456D43 /* Frameworks */ = {
			isa = PBXGroup;
			children = (
				41FCD7501AA104F90075222E /* CFNetwork.framework */,
				41FCD7521AA104F90075222E /* CoreFoundation.framework */,
				41FCD7531AA104F90075222E /* CoreGraphics.framework */,
				41FCD7541AA104F90075222E /* CoreMedia.framework */,
				41FCD7551AA104F90075222E /* CoreText.framework */,
				41FCD7561AA104F90075222E /* Foundation.framework */,
				41FCD7581AA104F90075222E /* MobileCoreServices.framework */,
				41FCD7591AA104F90075222E /* Security.framework */,
				41FCD75A1AA104F90075222E /* UIKit.framework */,
				41FCD75C1AA104F90075222E /* libobjc.dylib */,
			);
			name = Frameworks;
			sourceTree = "<group>";
		};
/* End PBXGroup section */

/* Begin PBXNativeTarget section */
		4110CD771A9CF82000456D43 /* NearbyBeacons */ = {
			isa = PBXNativeTarget;
			buildConfigurationList = 4110CD9B1A9CF82000456D43 /* Build configuration list for PBXNativeTarget "NearbyBeacons" */;
			buildPhases = (
				4110CD741A9CF82000456D43 /* Sources */,
				4110CD751A9CF82000456D43 /* Frameworks */,
				4110CD761A9CF82000456D43 /* Resources */,
			);
			buildRules = (
			);
			dependencies = (
			);
			name = NearbyBeacons;
			productName = NearbyBeacons;
			productReference = 4110CD781A9CF82000456D43 /* NearbyBeacons.app */;
			productType = "com.apple.product-type.application";
		};
/* End PBXNativeTarget section */

/* Begin PBXProject section */
		4110CD701A9CF82000456D43 /* Project object */ = {
			isa = PBXProject;
			attributes = {
				LastUpgradeCheck = 0620;
				ORGANIZATIONNAME = Google;
				TargetAttributes = {
					4110CD771A9CF82000456D43 = {
						CreatedOnToolsVersion = 6.2;
					};
				};
			};
			buildConfigurationList = 4110CD731A9CF82000456D43 /* Build configuration list for PBXProject "NearbyBeacons" */;
			compatibilityVersion = "Xcode 3.2";
			developmentRegion = English;
			hasScannedForEncodings = 0;
			knownRegions = (
				en,
				Base,
			);
			mainGroup = 4110CD6F1A9CF82000456D43;
			productRefGroup = 4110CD791A9CF82000456D43 /* Products */;
			projectDirPath = "";
			projectRoot = "";
			targets = (
				4110CD771A9CF82000456D43 /* NearbyBeacons */,
			);
		};
/* End PBXProject section */

/* Begin PBXResourcesBuildPhase section */
		4110CD761A9CF82000456D43 /* Resources */ = {
			isa = PBXResourcesBuildPhase;
			buildActionMask = 2147483647;
			files = (
				4110CD8C1A9CF82000456D43 /* LaunchScreen.xib in Resources */,
				4110CD891A9CF82000456D43 /* Images.xcassets in Resources */,
			);
			runOnlyForDeploymentPostprocessing = 0;
		};
/* End PBXResourcesBuildPhase section */

/* Begin PBXSourcesBuildPhase section */
		4110CD741A9CF82000456D43 /* Sources */ = {
			isa = PBXSourcesBuildPhase;
			buildActionMask = 2147483647;
			files = (
				4110CD811A9CF82000456D43 /* AppDelegate.m in Sources */,
				4110CDA31A9CFBDA00456D43 /* MessageViewController.m in Sources */,
				4110CD7E1A9CF82000456D43 /* main.m in Sources */,
			);
			runOnlyForDeploymentPostprocessing = 0;
		};
/* End PBXSourcesBuildPhase section */

/* Begin PBXVariantGroup section */
		4110CD8A1A9CF82000456D43 /* LaunchScreen.xib */ = {
			isa = PBXVariantGroup;
			children = (
				4110CD8B1A9CF82000456D43 /* Base */,
			);
			name = LaunchScreen.xib;
			sourceTree = "<group>";
		};
/* End PBXVariantGroup section */

/* Begin XCBuildConfiguration section */
		4110CD991A9CF82000456D43 /* Debug */ = {
			isa = XCBuildConfiguration;
			buildSettings = {
				ALWAYS_SEARCH_USER_PATHS = NO;
				CLANG_CXX_LANGUAGE_STANDARD = "gnu++0x";
				CLANG_CXX_LIBRARY = "libc++";
				CLANG_ENABLE_MODULES = YES;
				CLANG_ENABLE_OBJC_ARC = YES;
				CLANG_WARN_BOOL_CONVERSION = YES;
				CLANG_WARN_CONSTANT_CONVERSION = YES;
				CLANG_WARN_DIRECT_OBJC_ISA_USAGE = YES_ERROR;
				CLANG_WARN_EMPTY_BODY = YES;
				CLANG_WARN_ENUM_CONVERSION = YES;
				CLANG_WARN_INT_CONVERSION = YES;
				CLANG_WARN_OBJC_ROOT_CLASS = YES_ERROR;
				CLANG_WARN_UNREACHABLE_CODE = YES;
				CLANG_WARN__DUPLICATE_METHOD_MATCH = YES;
				"CODE_SIGN_IDENTITY[sdk=iphoneos*]" = "iPhone Developer";
				COPY_PHASE_STRIP = NO;
				ENABLE_STRICT_OBJC_MSGSEND = YES;
				GCC_C_LANGUAGE_STANDARD = gnu99;
				GCC_DYNAMIC_NO_PIC = NO;
				GCC_OPTIMIZATION_LEVEL = 0;
				GCC_PREPROCESSOR_DEFINITIONS = (
					"DEBUG=1",
					"$(inherited)",
				);
				GCC_SYMBOLS_PRIVATE_EXTERN = NO;
				GCC_WARN_64_TO_32_BIT_CONVERSION = YES;
				GCC_WARN_ABOUT_RETURN_TYPE = YES_ERROR;
				GCC_WARN_UNDECLARED_SELECTOR = YES;
				GCC_WARN_UNINITIALIZED_AUTOS = YES_AGGRESSIVE;
				GCC_WARN_UNUSED_FUNCTION = YES;
				GCC_WARN_UNUSED_VARIABLE = YES;
				IPHONEOS_DEPLOYMENT_TARGET = 7.0;
				MTL_ENABLE_DEBUG_INFO = YES;
				ONLY_ACTIVE_ARCH = YES;
				SDKROOT = iphoneos;
				TARGETED_DEVICE_FAMILY = "1,2";
			};
			name = Debug;
		};
		4110CD9A1A9CF82000456D43 /* Release */ = {
			isa = XCBuildConfiguration;
			buildSettings = {
				ALWAYS_SEARCH_USER_PATHS = NO;
				CLANG_CXX_LANGUAGE_STANDARD = "gnu++0x";
				CLANG_CXX_LIBRARY = "libc++";
				CLANG_ENABLE_MODULES = YES;
				CLANG_ENABLE_OBJC_ARC = YES;
				CLANG_WARN_BOOL_CONVERSION = YES;
				CLANG_WARN_CONSTANT_CONVERSION = YES;
				CLANG_WARN_DIRECT_OBJC_ISA_USAGE = YES_ERROR;
				CLANG_WARN_EMPTY_BODY = YES;
				CLANG_WARN_ENUM_CONVERSION = YES;
				CLANG_WARN_INT_CONVERSION = YES;
				CLANG_WARN_OBJC_ROOT_CLASS = YES_ERROR;
				CLANG_WARN_UNREACHABLE_CODE = YES;
				CLANG_WARN__DUPLICATE_METHOD_MATCH = YES;
				"CODE_SIGN_IDENTITY[sdk=iphoneos*]" = "iPhone Developer";
				COPY_PHASE_STRIP = YES;
				ENABLE_NS_ASSERTIONS = NO;
				ENABLE_STRICT_OBJC_MSGSEND = YES;
				GCC_C_LANGUAGE_STANDARD = gnu99;
				GCC_WARN_64_TO_32_BIT_CONVERSION = YES;
				GCC_WARN_ABOUT_RETURN_TYPE = YES_ERROR;
				GCC_WARN_UNDECLARED_SELECTOR = YES;
				GCC_WARN_UNINITIALIZED_AUTOS = YES_AGGRESSIVE;
				GCC_WARN_UNUSED_FUNCTION = YES;
				GCC_WARN_UNUSED_VARIABLE = YES;
				IPHONEOS_DEPLOYMENT_TARGET = 7.0;
				MTL_ENABLE_DEBUG_INFO = NO;
				SDKROOT = iphoneos;
				TARGETED_DEVICE_FAMILY = "1,2";
				VALIDATE_PRODUCT = YES;
			};
			name = Release;
		};
		4110CD9C1A9CF82000456D43 /* Debug */ = {
			isa = XCBuildConfiguration;
			buildSettings = {
				ASSETCATALOG_COMPILER_APPICON_NAME = AppIcon;
				FRAMEWORK_SEARCH_PATHS = (
					"$(inherited)",
					..,
				);
				INFOPLIST_FILE = Source/Info.plist;
				LD_RUNPATH_SEARCH_PATHS = "$(inherited) @executable_path/Frameworks";
				PRODUCT_NAME = "$(TARGET_NAME)";
			};
			name = Debug;
		};
		4110CD9D1A9CF82000456D43 /* Release */ = {
			isa = XCBuildConfiguration;
			buildSettings = {
				ASSETCATALOG_COMPILER_APPICON_NAME = AppIcon;
				FRAMEWORK_SEARCH_PATHS = (
					"$(inherited)",
					..,
				);
				INFOPLIST_FILE = Source/Info.plist;
				LD_RUNPATH_SEARCH_PATHS = "$(inherited) @executable_path/Frameworks";
				PRODUCT_NAME = "$(TARGET_NAME)";
			};
			name = Release;
		};
/* End XCBuildConfiguration section */

/* Begin XCConfigurationList section */
		4110CD731A9CF82000456D43 /* Build configuration list for PBXProject "NearbyBeacons" */ = {
			isa = XCConfigurationList;
			buildConfigurations = (
				4110CD991A9CF82000456D43 /* Debug */,
				4110CD9A1A9CF82000456D43 /* Release */,
			);
			defaultConfigurationIsVisible = 0;
			defaultConfigurationName = Release;
		};
		4110CD9B1A9CF82000456D43 /* Build configuration list for PBXNativeTarget "NearbyBeacons" */ = {
			isa = XCConfigurationList;
			buildConfigurations = (
				4110CD9C1A9CF82000456D43 /* Debug */,
				4110CD9D1A9CF82000456D43 /* Release */,
			);
			defaultConfigurationIsVisible = 0;
			defaultConfigurationName = Release;
		};
/* End XCConfigurationList section */
	};
	rootObject = 4110CD701A9CF82000456D43 /* Project object */;
}
